
Microsoft Visual Studio Solution File, Format Version 12.00
# Visual Studio 15
VisualStudioVersion = 15.0.27703.2035
MinimumVisualStudioVersion = 10.0.40219.1
Project("{8BC9CEB8-8B4A-11D0-8D11-00A0C91BC942}") = "Tcpip01_hello_server", "Tcpip01\Tcpip01.vcxproj", "{48D6378D-1DB1-4970-B78B-FE7AF8664819}"
EndProject
Project("{8BC9CEB8-8B4A-11D0-8D11-00A0C91BC942}") = "Tcpip01_hello_client", "Tcpip01_hello_client\Tcpip01_hello_client.vcxproj", "{7DC7B343-F9B3-4351-88C8-356E1201E4BD}"
EndProject
Project("{8BC9CEB8-8B4A-11D0-8D11-00A0C91BC942}") = "Tcpip02_tcp_client_win", "tcpip02_tcp_client_win\tcpip02_tcp_client_win.vcxproj", "{5489E9E5-92AB-46F3-8EB9-66AB06B45F04}"
EndProject
Project("{8BC9CEB8-8B4A-11D0-8D11-00A0C91BC942}") = "Tcpip03", "Tcpip03\Tcpip03.vcxproj", "{E13A64B1-78A9-4496-BEC4-AE4E42B84FEA}"
EndProject
Project("{8BC9CEB8-8B4A-11D0-8D11-00A0C91BC942}") = "Tcpip04_echo_server", "Tcpip04\Tcpip04.vcxproj", "{CE74F94C-D093-44BB-AC6C-C1A2CB779B42}"
EndProject
Project("{8BC9CEB8-8B4A-11D0-8D11-00A0C91BC942}") = "Tcpip04_echo_client", "Tcpip04_echo_client\Tcpip04_echo_client.vcxproj", "{42196B40-F6C0-401C-87A6-B15C87BDC75C}"
EndProject
Project("{8BC9CEB8-8B4A-11D0-8D11-00A0C91BC942}") = "Tcpip05_op_server", "Tcpip05_op_server\Tcpip05_op_server.vcxproj", "{5F59FB75-6676-43C1-9F10-1FDEBB38CD44}"
EndProject
Project("{8BC9CEB8-8B4A-11D0-8D11-00A0C91BC942}") = "Tcpip05_op_client", "Tcpip05_op_client\Tcpip05_op_client.vcxproj", "{35731311-C90A-4103-AD17-0DD3D50831A0}"
EndProject
Project("{8BC9CEB8-8B4A-11D0-8D11-00A0C91BC942}") = "Tcpip06_uecho_server_win", "Tcpip06_uecho_server_win\Tcpip06_uecho_server_win.vcxproj", "{E7DB68C2-B691-4217-B0B8-935682732740}"
EndProject
Project("{8BC9CEB8-8B4A-11D0-8D11-00A0C91BC942}") = "Tcpip06_uecho_cliecnt_win", "Tcpip06_uecho_cliecnt_win\Tcpip06_uecho_cliecnt_win.vcxproj", "{D9E0E9D5-CB71-433E-A471-3593C5494154}"
EndProject
Project("{8BC9CEB8-8B4A-11D0-8D11-00A0C91BC942}") = "Tcpip07_file_server_win", "Tcpip07_file_server_win\Tcpip07_file_server_win.vcxproj", "{37677A79-3D40-47F5-A2BA-8D0434970B14}"
EndProject
Project("{8BC9CEB8-8B4A-11D0-8D11-00A0C91BC942}") = "Tcpip07_file_client_win", "Tcpip07_file_client_win\Tcpip07_file_client_win.vcxproj", "{87FD8570-0A7B-4A0D-92FF-24F6604D3878}"
EndProject
Project("{8BC9CEB8-8B4A-11D0-8D11-00A0C91BC942}") = "Tcpip08", "Tcpip08\Tcpip08.vcxproj", "{56852670-1165-4418-B7A6-0C6255263655}"
EndProject
Project("{8BC9CEB8-8B4A-11D0-8D11-00A0C91BC942}") = "Tcpip09", "Tcpip09\Tcpip09.vcxproj", "{DC9C6F51-C04F-4F57-B1E2-CEBF1F54D01D}"
EndProject
Project("{8BC9CEB8-8B4A-11D0-8D11-00A0C91BC942}") = "Tcpip19_thread", "Tcpip19_thread\Tcpip19_thread.vcxproj", "{1B89D35C-D0ED-42FE-94E2-57192CC88428}"
EndProject
Project("{8BC9CEB8-8B4A-11D0-8D11-00A0C91BC942}") = "Tcpip19_thread2", "Tcpip19_thread2\Tcpip19_thread2.vcxproj", "{41E12EA8-F6D9-47BD-BC8F-026081B973F3}"
EndProject
Project("{8BC9CEB8-8B4A-11D0-8D11-00A0C91BC942}") = "Tcpip19_thread3", "Tcpip19_thread3\Tcpip19_thread3.vcxproj", "{0E547BA7-7BDA-407B-B7FB-FACF966957A1}"
EndProject
Project("{8BC9CEB8-8B4A-11D0-8D11-00A0C91BC942}") = "Tcpip20_syncCS_win", "Tcpip20_syncCS_win\Tcpip20_syncCS_win.vcxproj", "{EEBC7765-7C90-48D4-BFFC-4CEB12497107}"
EndProject
Project("{8BC9CEB8-8B4A-11D0-8D11-00A0C91BC942}") = "Tcpip20_syncMutex_win", "Tcpip20_syncMutex_win\Tcpip20_syncMutex_win.vcxproj", "{552ABB06-749A-41BE-B4B6-6532714AF828}"
EndProject
Project("{8BC9CEB8-8B4A-11D0-8D11-00A0C91BC942}") = "Tcpip20_syncSema_win", "Tcpip20_syncSema_win\Tcpip20_syncSema_win.vcxproj", "{AA84B04C-B641-4C29-BA5B-FD7757228A99}"
EndProject
Project("{8BC9CEB8-8B4A-11D0-8D11-00A0C91BC942}") = "Tcpip20_syncEvent_win", "Tcpip20_syncEvent_win\Tcpip20_syncEvent_win.vcxproj", "{997EAC0F-BDAE-45AE-B8B3-81ECA56900C1}"
EndProject
Project("{8BC9CEB8-8B4A-11D0-8D11-00A0C91BC942}") = "Tcpip20_chat_serv", "Tcpip20_char_serv\Tcpip20_char_serv.vcxproj", "{8C29CBFE-3335-4B90-A220-C02D06286BDF}"
EndProject
Project("{8BC9CEB8-8B4A-11D0-8D11-00A0C91BC942}") = "Tcpip20_chat_clnt", "Tcpip20_chat_clnt\Tcpip20_chat_clnt.vcxproj", "{EEF21A0D-9F32-4F14-B658-4EA9FC01E2E6}"
EndProject
Project("{8BC9CEB8-8B4A-11D0-8D11-00A0C91BC942}") = "Tcpip21_AsyncNotificationEchoServer", "Tcpip21_AsyncNotificationEchoServer\Tcpip21_AsyncNotificationEchoServer.vcxproj", "{48FD16E3-3CB3-4D71-BE97-370737598A9E}"
EndProject
Global
	GlobalSection(SolutionConfigurationPlatforms) = preSolution
		Debug|x64 = Debug|x64
		Debug|x86 = Debug|x86
		Release|x64 = Release|x64
		Release|x86 = Release|x86
	EndGlobalSection
	GlobalSection(ProjectConfigurationPlatforms) = postSolution
		{48D6378D-1DB1-4970-B78B-FE7AF8664819}.Debug|x64.ActiveCfg = Debug|x64
		{48D6378D-1DB1-4970-B78B-FE7AF8664819}.Debug|x64.Build.0 = Debug|x64
		{48D6378D-1DB1-4970-B78B-FE7AF8664819}.Debug|x86.ActiveCfg = Debug|Win32
		{48D6378D-1DB1-4970-B78B-FE7AF8664819}.Debug|x86.Build.0 = Debug|Win32
		{48D6378D-1DB1-4970-B78B-FE7AF8664819}.Release|x64.ActiveCfg = Release|x64
		{48D6378D-1DB1-4970-B78B-FE7AF8664819}.Release|x64.Build.0 = Release|x64
		{48D6378D-1DB1-4970-B78B-FE7AF8664819}.Release|x86.ActiveCfg = Release|Win32
		{48D6378D-1DB1-4970-B78B-FE7AF8664819}.Release|x86.Build.0 = Release|Win32
		{7DC7B343-F9B3-4351-88C8-356E1201E4BD}.Debug|x64.ActiveCfg = Debug|x64
		{7DC7B343-F9B3-4351-88C8-356E1201E4BD}.Debug|x64.Build.0 = Debug|x64
		{7DC7B343-F9B3-4351-88C8-356E1201E4BD}.Debug|x86.ActiveCfg = Debug|Win32
		{7DC7B343-F9B3-4351-88C8-356E1201E4BD}.Debug|x86.Build.0 = Debug|Win32
		{7DC7B343-F9B3-4351-88C8-356E1201E4BD}.Release|x64.ActiveCfg = Release|x64
		{7DC7B343-F9B3-4351-88C8-356E1201E4BD}.Release|x64.Build.0 = Release|x64
		{7DC7B343-F9B3-4351-88C8-356E1201E4BD}.Release|x86.ActiveCfg = Release|Win32
		{7DC7B343-F9B3-4351-88C8-356E1201E4BD}.Release|x86.Build.0 = Release|Win32
		{5489E9E5-92AB-46F3-8EB9-66AB06B45F04}.Debug|x64.ActiveCfg = Debug|x64
		{5489E9E5-92AB-46F3-8EB9-66AB06B45F04}.Debug|x64.Build.0 = Debug|x64
		{5489E9E5-92AB-46F3-8EB9-66AB06B45F04}.Debug|x86.ActiveCfg = Debug|Win32
		{5489E9E5-92AB-46F3-8EB9-66AB06B45F04}.Debug|x86.Build.0 = Debug|Win32
		{5489E9E5-92AB-46F3-8EB9-66AB06B45F04}.Release|x64.ActiveCfg = Release|x64
		{5489E9E5-92AB-46F3-8EB9-66AB06B45F04}.Release|x64.Build.0 = Release|x64
		{5489E9E5-92AB-46F3-8EB9-66AB06B45F04}.Release|x86.ActiveCfg = Release|Win32
		{5489E9E5-92AB-46F3-8EB9-66AB06B45F04}.Release|x86.Build.0 = Release|Win32
		{E13A64B1-78A9-4496-BEC4-AE4E42B84FEA}.Debug|x64.ActiveCfg = Debug|x64
		{E13A64B1-78A9-4496-BEC4-AE4E42B84FEA}.Debug|x64.Build.0 = Debug|x64
		{E13A64B1-78A9-4496-BEC4-AE4E42B84FEA}.Debug|x86.ActiveCfg = Debug|Win32
		{E13A64B1-78A9-4496-BEC4-AE4E42B84FEA}.Debug|x86.Build.0 = Debug|Win32
		{E13A64B1-78A9-4496-BEC4-AE4E42B84FEA}.Release|x64.ActiveCfg = Release|x64
		{E13A64B1-78A9-4496-BEC4-AE4E42B84FEA}.Release|x64.Build.0 = Release|x64
		{E13A64B1-78A9-4496-BEC4-AE4E42B84FEA}.Release|x86.ActiveCfg = Release|Win32
		{E13A64B1-78A9-4496-BEC4-AE4E42B84FEA}.Release|x86.Build.0 = Release|Win32
		{CE74F94C-D093-44BB-AC6C-C1A2CB779B42}.Debug|x64.ActiveCfg = Debug|x64
		{CE74F94C-D093-44BB-AC6C-C1A2CB779B42}.Debug|x64.Build.0 = Debug|x64
		{CE74F94C-D093-44BB-AC6C-C1A2CB779B42}.Debug|x86.ActiveCfg = Debug|Win32
		{CE74F94C-D093-44BB-AC6C-C1A2CB779B42}.Debug|x86.Build.0 = Debug|Win32
		{CE74F94C-D093-44BB-AC6C-C1A2CB779B42}.Release|x64.ActiveCfg = Release|x64
		{CE74F94C-D093-44BB-AC6C-C1A2CB779B42}.Release|x64.Build.0 = Release|x64
		{CE74F94C-D093-44BB-AC6C-C1A2CB779B42}.Release|x86.ActiveCfg = Release|Win32
		{CE74F94C-D093-44BB-AC6C-C1A2CB779B42}.Release|x86.Build.0 = Release|Win32
		{42196B40-F6C0-401C-87A6-B15C87BDC75C}.Debug|x64.ActiveCfg = Debug|x64
		{42196B40-F6C0-401C-87A6-B15C87BDC75C}.Debug|x64.Build.0 = Debug|x64
		{42196B40-F6C0-401C-87A6-B15C87BDC75C}.Debug|x86.ActiveCfg = Debug|Win32
		{42196B40-F6C0-401C-87A6-B15C87BDC75C}.Debug|x86.Build.0 = Debug|Win32
		{42196B40-F6C0-401C-87A6-B15C87BDC75C}.Release|x64.ActiveCfg = Release|x64
		{42196B40-F6C0-401C-87A6-B15C87BDC75C}.Release|x64.Build.0 = Release|x64
		{42196B40-F6C0-401C-87A6-B15C87BDC75C}.Release|x86.ActiveCfg = Release|Win32
		{42196B40-F6C0-401C-87A6-B15C87BDC75C}.Release|x86.Build.0 = Release|Win32
		{5F59FB75-6676-43C1-9F10-1FDEBB38CD44}.Debug|x64.ActiveCfg = Debug|x64
		{5F59FB75-6676-43C1-9F10-1FDEBB38CD44}.Debug|x64.Build.0 = Debug|x64
		{5F59FB75-6676-43C1-9F10-1FDEBB38CD44}.Debug|x86.ActiveCfg = Debug|Win32
		{5F59FB75-6676-43C1-9F10-1FDEBB38CD44}.Debug|x86.Build.0 = Debug|Win32
		{5F59FB75-6676-43C1-9F10-1FDEBB38CD44}.Release|x64.ActiveCfg = Release|x64
		{5F59FB75-6676-43C1-9F10-1FDEBB38CD44}.Release|x64.Build.0 = Release|x64
		{5F59FB75-6676-43C1-9F10-1FDEBB38CD44}.Release|x86.ActiveCfg = Release|Win32
		{5F59FB75-6676-43C1-9F10-1FDEBB38CD44}.Release|x86.Build.0 = Release|Win32
		{35731311-C90A-4103-AD17-0DD3D50831A0}.Debug|x64.ActiveCfg = Debug|x64
		{35731311-C90A-4103-AD17-0DD3D50831A0}.Debug|x64.Build.0 = Debug|x64
		{35731311-C90A-4103-AD17-0DD3D50831A0}.Debug|x86.ActiveCfg = Debug|Win32
		{35731311-C90A-4103-AD17-0DD3D50831A0}.Debug|x86.Build.0 = Debug|Win32
		{35731311-C90A-4103-AD17-0DD3D50831A0}.Release|x64.ActiveCfg = Release|x64
		{35731311-C90A-4103-AD17-0DD3D50831A0}.Release|x64.Build.0 = Release|x64
		{35731311-C90A-4103-AD17-0DD3D50831A0}.Release|x86.ActiveCfg = Release|Win32
		{35731311-C90A-4103-AD17-0DD3D50831A0}.Release|x86.Build.0 = Release|Win32
		{E7DB68C2-B691-4217-B0B8-935682732740}.Debug|x64.ActiveCfg = Debug|x64
		{E7DB68C2-B691-4217-B0B8-935682732740}.Debug|x64.Build.0 = Debug|x64
		{E7DB68C2-B691-4217-B0B8-935682732740}.Debug|x86.ActiveCfg = Debug|Win32
		{E7DB68C2-B691-4217-B0B8-935682732740}.Debug|x86.Build.0 = Debug|Win32
		{E7DB68C2-B691-4217-B0B8-935682732740}.Release|x64.ActiveCfg = Release|x64
		{E7DB68C2-B691-4217-B0B8-935682732740}.Release|x64.Build.0 = Release|x64
		{E7DB68C2-B691-4217-B0B8-935682732740}.Release|x86.ActiveCfg = Release|Win32
		{E7DB68C2-B691-4217-B0B8-935682732740}.Release|x86.Build.0 = Release|Win32
		{D9E0E9D5-CB71-433E-A471-3593C5494154}.Debug|x64.ActiveCfg = Debug|x64
		{D9E0E9D5-CB71-433E-A471-3593C5494154}.Debug|x64.Build.0 = Debug|x64
		{D9E0E9D5-CB71-433E-A471-3593C5494154}.Debug|x86.ActiveCfg = Debug|Win32
		{D9E0E9D5-CB71-433E-A471-3593C5494154}.Debug|x86.Build.0 = Debug|Win32
		{D9E0E9D5-CB71-433E-A471-3593C5494154}.Release|x64.ActiveCfg = Release|x64
		{D9E0E9D5-CB71-433E-A471-3593C5494154}.Release|x64.Build.0 = Release|x64
		{D9E0E9D5-CB71-433E-A471-3593C5494154}.Release|x86.ActiveCfg = Release|Win32
		{D9E0E9D5-CB71-433E-A471-3593C5494154}.Release|x86.Build.0 = Release|Win32
		{37677A79-3D40-47F5-A2BA-8D0434970B14}.Debug|x64.ActiveCfg = Debug|x64
		{37677A79-3D40-47F5-A2BA-8D0434970B14}.Debug|x64.Build.0 = Debug|x64
		{37677A79-3D40-47F5-A2BA-8D0434970B14}.Debug|x86.ActiveCfg = Debug|Win32
		{37677A79-3D40-47F5-A2BA-8D0434970B14}.Debug|x86.Build.0 = Debug|Win32
		{37677A79-3D40-47F5-A2BA-8D0434970B14}.Release|x64.ActiveCfg = Release|x64
		{37677A79-3D40-47F5-A2BA-8D0434970B14}.Release|x64.Build.0 = Release|x64
		{37677A79-3D40-47F5-A2BA-8D0434970B14}.Release|x86.ActiveCfg = Release|Win32
		{37677A79-3D40-47F5-A2BA-8D0434970B14}.Release|x86.Build.0 = Release|Win32
		{87FD8570-0A7B-4A0D-92FF-24F6604D3878}.Debug|x64.ActiveCfg = Debug|x64
		{87FD8570-0A7B-4A0D-92FF-24F6604D3878}.Debug|x64.Build.0 = Debug|x64
		{87FD8570-0A7B-4A0D-92FF-24F6604D3878}.Debug|x86.ActiveCfg = Debug|Win32
		{87FD8570-0A7B-4A0D-92FF-24F6604D3878}.Debug|x86.Build.0 = Debug|Win32
		{87FD8570-0A7B-4A0D-92FF-24F6604D3878}.Release|x64.ActiveCfg = Release|x64
		{87FD8570-0A7B-4A0D-92FF-24F6604D3878}.Release|x64.Build.0 = Release|x64
		{87FD8570-0A7B-4A0D-92FF-24F6604D3878}.Release|x86.ActiveCfg = Release|Win32
		{87FD8570-0A7B-4A0D-92FF-24F6604D3878}.Release|x86.Build.0 = Release|Win32
		{56852670-1165-4418-B7A6-0C6255263655}.Debug|x64.ActiveCfg = Debug|x64
		{56852670-1165-4418-B7A6-0C6255263655}.Debug|x64.Build.0 = Debug|x64
		{56852670-1165-4418-B7A6-0C6255263655}.Debug|x86.ActiveCfg = Debug|Win32
		{56852670-1165-4418-B7A6-0C6255263655}.Debug|x86.Build.0 = Debug|Win32
		{56852670-1165-4418-B7A6-0C6255263655}.Release|x64.ActiveCfg = Release|x64
		{56852670-1165-4418-B7A6-0C6255263655}.Release|x64.Build.0 = Release|x64
		{56852670-1165-4418-B7A6-0C6255263655}.Release|x86.ActiveCfg = Release|Win32
		{56852670-1165-4418-B7A6-0C6255263655}.Release|x86.Build.0 = Release|Win32
		{DC9C6F51-C04F-4F57-B1E2-CEBF1F54D01D}.Debug|x64.ActiveCfg = Debug|x64
		{DC9C6F51-C04F-4F57-B1E2-CEBF1F54D01D}.Debug|x64.Build.0 = Debug|x64
		{DC9C6F51-C04F-4F57-B1E2-CEBF1F54D01D}.Debug|x86.ActiveCfg = Debug|Win32
		{DC9C6F51-C04F-4F57-B1E2-CEBF1F54D01D}.Debug|x86.Build.0 = Debug|Win32
		{DC9C6F51-C04F-4F57-B1E2-CEBF1F54D01D}.Release|x64.ActiveCfg = Release|x64
		{DC9C6F51-C04F-4F57-B1E2-CEBF1F54D01D}.Release|x64.Build.0 = Release|x64
		{DC9C6F51-C04F-4F57-B1E2-CEBF1F54D01D}.Release|x86.ActiveCfg = Release|Win32
		{DC9C6F51-C04F-4F57-B1E2-CEBF1F54D01D}.Release|x86.Build.0 = Release|Win32
		{1B89D35C-D0ED-42FE-94E2-57192CC88428}.Debug|x64.ActiveCfg = Debug|x64
		{1B89D35C-D0ED-42FE-94E2-57192CC88428}.Debug|x64.Build.0 = Debug|x64
		{1B89D35C-D0ED-42FE-94E2-57192CC88428}.Debug|x86.ActiveCfg = Debug|Win32
		{1B89D35C-D0ED-42FE-94E2-57192CC88428}.Debug|x86.Build.0 = Debug|Win32
		{1B89D35C-D0ED-42FE-94E2-57192CC88428}.Release|x64.ActiveCfg = Release|x64
		{1B89D35C-D0ED-42FE-94E2-57192CC88428}.Release|x64.Build.0 = Release|x64
		{1B89D35C-D0ED-42FE-94E2-57192CC88428}.Release|x86.ActiveCfg = Release|Win32
		{1B89D35C-D0ED-42FE-94E2-57192CC88428}.Release|x86.Build.0 = Release|Win32
		{41E12EA8-F6D9-47BD-BC8F-026081B973F3}.Debug|x64.ActiveCfg = Debug|x64
		{41E12EA8-F6D9-47BD-BC8F-026081B973F3}.Debug|x64.Build.0 = Debug|x64
		{41E12EA8-F6D9-47BD-BC8F-026081B973F3}.Debug|x86.ActiveCfg = Debug|Win32
		{41E12EA8-F6D9-47BD-BC8F-026081B973F3}.Debug|x86.Build.0 = Debug|Win32
		{41E12EA8-F6D9-47BD-BC8F-026081B973F3}.Release|x64.ActiveCfg = Release|x64
		{41E12EA8-F6D9-47BD-BC8F-026081B973F3}.Release|x64.Build.0 = Release|x64
		{41E12EA8-F6D9-47BD-BC8F-026081B973F3}.Release|x86.ActiveCfg = Release|Win32
		{41E12EA8-F6D9-47BD-BC8F-026081B973F3}.Release|x86.Build.0 = Release|Win32
		{0E547BA7-7BDA-407B-B7FB-FACF966957A1}.Debug|x64.ActiveCfg = Debug|x64
		{0E547BA7-7BDA-407B-B7FB-FACF966957A1}.Debug|x64.Build.0 = Debug|x64
		{0E547BA7-7BDA-407B-B7FB-FACF966957A1}.Debug|x86.ActiveCfg = Debug|Win32
		{0E547BA7-7BDA-407B-B7FB-FACF966957A1}.Debug|x86.Build.0 = Debug|Win32
		{0E547BA7-7BDA-407B-B7FB-FACF966957A1}.Release|x64.ActiveCfg = Release|x64
		{0E547BA7-7BDA-407B-B7FB-FACF966957A1}.Release|x64.Build.0 = Release|x64
		{0E547BA7-7BDA-407B-B7FB-FACF966957A1}.Release|x86.ActiveCfg = Release|Win32
		{0E547BA7-7BDA-407B-B7FB-FACF966957A1}.Release|x86.Build.0 = Release|Win32
		{EEBC7765-7C90-48D4-BFFC-4CEB12497107}.Debug|x64.ActiveCfg = Debug|x64
		{EEBC7765-7C90-48D4-BFFC-4CEB12497107}.Debug|x64.Build.0 = Debug|x64
		{EEBC7765-7C90-48D4-BFFC-4CEB12497107}.Debug|x86.ActiveCfg = Debug|Win32
		{EEBC7765-7C90-48D4-BFFC-4CEB12497107}.Debug|x86.Build.0 = Debug|Win32
		{EEBC7765-7C90-48D4-BFFC-4CEB12497107}.Release|x64.ActiveCfg = Release|x64
		{EEBC7765-7C90-48D4-BFFC-4CEB12497107}.Release|x64.Build.0 = Release|x64
		{EEBC7765-7C90-48D4-BFFC-4CEB12497107}.Release|x86.ActiveCfg = Release|Win32
		{EEBC7765-7C90-48D4-BFFC-4CEB12497107}.Release|x86.Build.0 = Release|Win32
		{552ABB06-749A-41BE-B4B6-6532714AF828}.Debug|x64.ActiveCfg = Debug|x64
		{552ABB06-749A-41BE-B4B6-6532714AF828}.Debug|x64.Build.0 = Debug|x64
		{552ABB06-749A-41BE-B4B6-6532714AF828}.Debug|x86.ActiveCfg = Debug|Win32
		{552ABB06-749A-41BE-B4B6-6532714AF828}.Debug|x86.Build.0 = Debug|Win32
		{552ABB06-749A-41BE-B4B6-6532714AF828}.Release|x64.ActiveCfg = Release|x64
		{552ABB06-749A-41BE-B4B6-6532714AF828}.Release|x64.Build.0 = Release|x64
		{552ABB06-749A-41BE-B4B6-6532714AF828}.Release|x86.ActiveCfg = Release|Win32
		{552ABB06-749A-41BE-B4B6-6532714AF828}.Release|x86.Build.0 = Release|Win32
		{AA84B04C-B641-4C29-BA5B-FD7757228A99}.Debug|x64.ActiveCfg = Debug|x64
		{AA84B04C-B641-4C29-BA5B-FD7757228A99}.Debug|x64.Build.0 = Debug|x64
		{AA84B04C-B641-4C29-BA5B-FD7757228A99}.Debug|x86.ActiveCfg = Debug|Win32
		{AA84B04C-B641-4C29-BA5B-FD7757228A99}.Debug|x86.Build.0 = Debug|Win32
		{AA84B04C-B641-4C29-BA5B-FD7757228A99}.Release|x64.ActiveCfg = Release|x64
		{AA84B04C-B641-4C29-BA5B-FD7757228A99}.Release|x64.Build.0 = Release|x64
		{AA84B04C-B641-4C29-BA5B-FD7757228A99}.Release|x86.ActiveCfg = Release|Win32
		{AA84B04C-B641-4C29-BA5B-FD7757228A99}.Release|x86.Build.0 = Release|Win32
		{997EAC0F-BDAE-45AE-B8B3-81ECA56900C1}.Debug|x64.ActiveCfg = Debug|x64
		{997EAC0F-BDAE-45AE-B8B3-81ECA56900C1}.Debug|x64.Build.0 = Debug|x64
		{997EAC0F-BDAE-45AE-B8B3-81ECA56900C1}.Debug|x86.ActiveCfg = Debug|Win32
		{997EAC0F-BDAE-45AE-B8B3-81ECA56900C1}.Debug|x86.Build.0 = Debug|Win32
		{997EAC0F-BDAE-45AE-B8B3-81ECA56900C1}.Release|x64.ActiveCfg = Release|x64
		{997EAC0F-BDAE-45AE-B8B3-81ECA56900C1}.Release|x64.Build.0 = Release|x64
		{997EAC0F-BDAE-45AE-B8B3-81ECA56900C1}.Release|x86.ActiveCfg = Release|Win32
		{997EAC0F-BDAE-45AE-B8B3-81ECA56900C1}.Release|x86.Build.0 = Release|Win32
		{8C29CBFE-3335-4B90-A220-C02D06286BDF}.Debug|x64.ActiveCfg = Debug|x64
		{8C29CBFE-3335-4B90-A220-C02D06286BDF}.Debug|x64.Build.0 = Debug|x64
		{8C29CBFE-3335-4B90-A220-C02D06286BDF}.Debug|x86.ActiveCfg = Debug|Win32
		{8C29CBFE-3335-4B90-A220-C02D06286BDF}.Debug|x86.Build.0 = Debug|Win32
		{8C29CBFE-3335-4B90-A220-C02D06286BDF}.Release|x64.ActiveCfg = Release|x64
		{8C29CBFE-3335-4B90-A220-C02D06286BDF}.Release|x64.Build.0 = Release|x64
		{8C29CBFE-3335-4B90-A220-C02D06286BDF}.Release|x86.ActiveCfg = Release|Win32
		{8C29CBFE-3335-4B90-A220-C02D06286BDF}.Release|x86.Build.0 = Release|Win32
		{EEF21A0D-9F32-4F14-B658-4EA9FC01E2E6}.Debug|x64.ActiveCfg = Debug|x64
		{EEF21A0D-9F32-4F14-B658-4EA9FC01E2E6}.Debug|x64.Build.0 = Debug|x64
		{EEF21A0D-9F32-4F14-B658-4EA9FC01E2E6}.Debug|x86.ActiveCfg = Debug|Win32
		{EEF21A0D-9F32-4F14-B658-4EA9FC01E2E6}.Debug|x86.Build.0 = Debug|Win32
		{EEF21A0D-9F32-4F14-B658-4EA9FC01E2E6}.Release|x64.ActiveCfg = Release|x64
		{EEF21A0D-9F32-4F14-B658-4EA9FC01E2E6}.Release|x64.Build.0 = Release|x64
		{EEF21A0D-9F32-4F14-B658-4EA9FC01E2E6}.Release|x86.ActiveCfg = Release|Win32
		{EEF21A0D-9F32-4F14-B658-4EA9FC01E2E6}.Release|x86.Build.0 = Release|Win32
		{48FD16E3-3CB3-4D71-BE97-370737598A9E}.Debug|x64.ActiveCfg = Debug|x64
		{48FD16E3-3CB3-4D71-BE97-370737598A9E}.Debug|x64.Build.0 = Debug|x64
		{48FD16E3-3CB3-4D71-BE97-370737598A9E}.Debug|x86.ActiveCfg = Debug|Win32
		{48FD16E3-3CB3-4D71-BE97-370737598A9E}.Debug|x86.Build.0 = Debug|Win32
		{48FD16E3-3CB3-4D71-BE97-370737598A9E}.Release|x64.ActiveCfg = Release|x64
		{48FD16E3-3CB3-4D71-BE97-370737598A9E}.Release|x64.Build.0 = Release|x64
		{48FD16E3-3CB3-4D71-BE97-370737598A9E}.Release|x86.ActiveCfg = Release|Win32
		{48FD16E3-3CB3-4D71-BE97-370737598A9E}.Release|x86.Build.0 = Release|Win32
	EndGlobalSection
	GlobalSection(SolutionProperties) = preSolution
		HideSolutionNode = FALSE
	EndGlobalSection
	GlobalSection(ExtensibilityGlobals) = postSolution
		SolutionGuid = {2A6E545D-6C0E-4B50-8187-28A585ED1C1F}
	EndGlobalSection
EndGlobal
