
Microsoft Visual Studio Solution File, Format Version 12.00
# Visual Studio 15
VisualStudioVersion = 15.0.27703.2035
MinimumVisualStudioVersion = 10.0.40219.1
Project("{8BC9CEB8-8B4A-11D0-8D11-00A0C91BC942}") = "Tcpip01_hello_server", "Tcpip01\Tcpip01.vcxproj", "{48D6378D-1DB1-4970-B78B-FE7AF8664819}"
EndProject
Project("{8BC9CEB8-8B4A-11D0-8D11-00A0C91BC942}") = "Tcpip01_hello_client", "Tcpip01_hello_client\Tcpip01_hello_client.vcxproj", "{7DC7B343-F9B3-4351-88C8-356E1201E4BD}"
EndProject
Project("{8BC9CEB8-8B4A-11D0-8D11-00A0C91BC942}") = "Tcpip02_tcp_client_win", "tcpip02_tcp_client_win\tcpip02_tcp_client_win.vcxproj", "{5489E9E5-92AB-46F3-8EB9-66AB06B45F04}"
EndProject
Project("{8BC9CEB8-8B4A-11D0-8D11-00A0C91BC942}") = "Tcpip03", "Tcpip03\Tcpip03.vcxproj", "{E13A64B1-78A9-4496-BEC4-AE4E42B84FEA}"
EndProject
Project("{8BC9CEB8-8B4A-11D0-8D11-00A0C91BC942}") = "Tcpip04_echo_server", "Tcpip04\Tcpip04.vcxproj", "{CE74F94C-D093-44BB-AC6C-C1A2CB779B42}"
EndProject
Project("{8BC9CEB8-8B4A-11D0-8D11-00A0C91BC942}") = "Tcpip04_echo_client", "Tcpip04_echo_client\Tcpip04_echo_client.vcxproj", "{42196B40-F6C0-401C-87A6-B15C87BDC75C}"
EndProject
Project("{8BC9CEB8-8B4A-11D0-8D11-00A0C91BC942}") = "Tcpip05_op_server", "Tcpip05_op_server\Tcpip05_op_server.vcxproj", "{5F59FB75-6676-43C1-9F10-1FDEBB38CD44}"
EndProject
Project("{8BC9CEB8-8B4A-11D0-8D11-00A0C91BC942}") = "Tcpip05_op_client", "Tcpip05_op_client\Tcpip05_op_client.vcxproj", "{35731311-C90A-4103-AD17-0DD3D50831A0}"
EndProject
Project("{8BC9CEB8-8B4A-11D0-8D11-00A0C91BC942}") = "Tcpip06_uecho_server_win", "Tcpip06_uecho_server_win\Tcpip06_uecho_server_win.vcxproj", "{E7DB68C2-B691-4217-B0B8-935682732740}"
EndProject
Project("{8BC9CEB8-8B4A-11D0-8D11-00A0C91BC942}") = "Tcpip06_uecho_cliecnt_win", "Tcpip06_uecho_cliecnt_win\Tcpip06_uecho_cliecnt_win.vcxproj", "{D9E0E9D5-CB71-433E-A471-3593C5494154}"
EndProject
Project("{8BC9CEB8-8B4A-11D0-8D11-00A0C91BC942}") = "Tcpip07_file_server_win", "Tcpip07_file_server_win\Tcpip07_file_server_win.vcxproj", "{37677A79-3D40-47F5-A2BA-8D0434970B14}"
EndProject
Project("{8BC9CEB8-8B4A-11D0-8D11-00A0C91BC942}") = "Tcpip07_file_client_win", "Tcpip07_file_client_win\Tcpip07_file_client_win.vcxproj", "{87FD8570-0A7B-4A0D-92FF-24F6604D3878}"
EndProject
Project("{8BC9CEB8-8B4A-11D0-8D11-00A0C91BC942}") = "Tcpip08", "Tcpip08\Tcpip08.vcxproj", "{56852670-1165-4418-B7A6-0C6255263655}"
EndProject
Global
	GlobalSection(SolutionConfigurationPlatforms) = preSolution
		Debug|x64 = Debug|x64
		Debug|x86 = Debug|x86
		Release|x64 = Release|x64
		Release|x86 = Release|x86
	EndGlobalSection
	GlobalSection(ProjectConfigurationPlatforms) = postSolution
		{48D6378D-1DB1-4970-B78B-FE7AF8664819}.Debug|x64.ActiveCfg = Debug|x64
		{48D6378D-1DB1-4970-B78B-FE7AF8664819}.Debug|x64.Build.0 = Debug|x64
		{48D6378D-1DB1-4970-B78B-FE7AF8664819}.Debug|x86.ActiveCfg = Debug|Win32
		{48D6378D-1DB1-4970-B78B-FE7AF8664819}.Debug|x86.Build.0 = Debug|Win32
		{48D6378D-1DB1-4970-B78B-FE7AF8664819}.Release|x64.ActiveCfg = Release|x64
		{48D6378D-1DB1-4970-B78B-FE7AF8664819}.Release|x64.Build.0 = Release|x64
		{48D6378D-1DB1-4970-B78B-FE7AF8664819}.Release|x86.ActiveCfg = Release|Win32
		{48D6378D-1DB1-4970-B78B-FE7AF8664819}.Release|x86.Build.0 = Release|Win32
		{7DC7B343-F9B3-4351-88C8-356E1201E4BD}.Debug|x64.ActiveCfg = Debug|x64
		{7DC7B343-F9B3-4351-88C8-356E1201E4BD}.Debug|x64.Build.0 = Debug|x64
		{7DC7B343-F9B3-4351-88C8-356E1201E4BD}.Debug|x86.ActiveCfg = Debug|Win32
		{7DC7B343-F9B3-4351-88C8-356E1201E4BD}.Debug|x86.Build.0 = Debug|Win32
		{7DC7B343-F9B3-4351-88C8-356E1201E4BD}.Release|x64.ActiveCfg = Release|x64
		{7DC7B343-F9B3-4351-88C8-356E1201E4BD}.Release|x64.Build.0 = Release|x64
		{7DC7B343-F9B3-4351-88C8-356E1201E4BD}.Release|x86.ActiveCfg = Release|Win32
		{7DC7B343-F9B3-4351-88C8-356E1201E4BD}.Release|x86.Build.0 = Release|Win32
		{5489E9E5-92AB-46F3-8EB9-66AB06B45F04}.Debug|x64.ActiveCfg = Debug|x64
		{5489E9E5-92AB-46F3-8EB9-66AB06B45F04}.Debug|x64.Build.0 = Debug|x64
		{5489E9E5-92AB-46F3-8EB9-66AB06B45F04}.Debug|x86.ActiveCfg = Debug|Win32
		{5489E9E5-92AB-46F3-8EB9-66AB06B45F04}.Debug|x86.Build.0 = Debug|Win32
		{5489E9E5-92AB-46F3-8EB9-66AB06B45F04}.Release|x64.ActiveCfg = Release|x64
		{5489E9E5-92AB-46F3-8EB9-66AB06B45F04}.Release|x64.Build.0 = Release|x64
		{5489E9E5-92AB-46F3-8EB9-66AB06B45F04}.Release|x86.ActiveCfg = Release|Win32
		{5489E9E5-92AB-46F3-8EB9-66AB06B45F04}.Release|x86.Build.0 = Release|Win32
		{E13A64B1-78A9-4496-BEC4-AE4E42B84FEA}.Debug|x64.ActiveCfg = Debug|x64
		{E13A64B1-78A9-4496-BEC4-AE4E42B84FEA}.Debug|x64.Build.0 = Debug|x64
		{E13A64B1-78A9-4496-BEC4-AE4E42B84FEA}.Debug|x86.ActiveCfg = Debug|Win32
		{E13A64B1-78A9-4496-BEC4-AE4E42B84FEA}.Debug|x86.Build.0 = Debug|Win32
		{E13A64B1-78A9-4496-BEC4-AE4E42B84FEA}.Release|x64.ActiveCfg = Release|x64
		{E13A64B1-78A9-4496-BEC4-AE4E42B84FEA}.Release|x64.Build.0 = Release|x64
		{E13A64B1-78A9-4496-BEC4-AE4E42B84FEA}.Release|x86.ActiveCfg = Release|Win32
		{E13A64B1-78A9-4496-BEC4-AE4E42B84FEA}.Release|x86.Build.0 = Release|Win32
		{CE74F94C-D093-44BB-AC6C-C1A2CB779B42}.Debug|x64.ActiveCfg = Debug|x64
		{CE74F94C-D093-44BB-AC6C-C1A2CB779B42}.Debug|x64.Build.0 = Debug|x64
		{CE74F94C-D093-44BB-AC6C-C1A2CB779B42}.Debug|x86.ActiveCfg = Debug|Win32
		{CE74F94C-D093-44BB-AC6C-C1A2CB779B42}.Debug|x86.Build.0 = Debug|Win32
		{CE74F94C-D093-44BB-AC6C-C1A2CB779B42}.Release|x64.ActiveCfg = Release|x64
		{CE74F94C-D093-44BB-AC6C-C1A2CB779B42}.Release|x64.Build.0 = Release|x64
		{CE74F94C-D093-44BB-AC6C-C1A2CB779B42}.Release|x86.ActiveCfg = Release|Win32
		{CE74F94C-D093-44BB-AC6C-C1A2CB779B42}.Release|x86.Build.0 = Release|Win32
		{42196B40-F6C0-401C-87A6-B15C87BDC75C}.Debug|x64.ActiveCfg = Debug|x64
		{42196B40-F6C0-401C-87A6-B15C87BDC75C}.Debug|x64.Build.0 = Debug|x64
		{42196B40-F6C0-401C-87A6-B15C87BDC75C}.Debug|x86.ActiveCfg = Debug|Win32
		{42196B40-F6C0-401C-87A6-B15C87BDC75C}.Debug|x86.Build.0 = Debug|Win32
		{42196B40-F6C0-401C-87A6-B15C87BDC75C}.Release|x64.ActiveCfg = Release|x64
		{42196B40-F6C0-401C-87A6-B15C87BDC75C}.Release|x64.Build.0 = Release|x64
		{42196B40-F6C0-401C-87A6-B15C87BDC75C}.Release|x86.ActiveCfg = Release|Win32
		{42196B40-F6C0-401C-87A6-B15C87BDC75C}.Release|x86.Build.0 = Release|Win32
		{5F59FB75-6676-43C1-9F10-1FDEBB38CD44}.Debug|x64.ActiveCfg = Debug|x64
		{5F59FB75-6676-43C1-9F10-1FDEBB38CD44}.Debug|x64.Build.0 = Debug|x64
		{5F59FB75-6676-43C1-9F10-1FDEBB38CD44}.Debug|x86.ActiveCfg = Debug|Win32
		{5F59FB75-6676-43C1-9F10-1FDEBB38CD44}.Debug|x86.Build.0 = Debug|Win32
		{5F59FB75-6676-43C1-9F10-1FDEBB38CD44}.Release|x64.ActiveCfg = Release|x64
		{5F59FB75-6676-43C1-9F10-1FDEBB38CD44}.Release|x64.Build.0 = Release|x64
		{5F59FB75-6676-43C1-9F10-1FDEBB38CD44}.Release|x86.ActiveCfg = Release|Win32
		{5F59FB75-6676-43C1-9F10-1FDEBB38CD44}.Release|x86.Build.0 = Release|Win32
		{35731311-C90A-4103-AD17-0DD3D50831A0}.Debug|x64.ActiveCfg = Debug|x64
		{35731311-C90A-4103-AD17-0DD3D50831A0}.Debug|x64.Build.0 = Debug|x64
		{35731311-C90A-4103-AD17-0DD3D50831A0}.Debug|x86.ActiveCfg = Debug|Win32
		{35731311-C90A-4103-AD17-0DD3D50831A0}.Debug|x86.Build.0 = Debug|Win32
		{35731311-C90A-4103-AD17-0DD3D50831A0}.Release|x64.ActiveCfg = Release|x64
		{35731311-C90A-4103-AD17-0DD3D50831A0}.Release|x64.Build.0 = Release|x64
		{35731311-C90A-4103-AD17-0DD3D50831A0}.Release|x86.ActiveCfg = Release|Win32
		{35731311-C90A-4103-AD17-0DD3D50831A0}.Release|x86.Build.0 = Release|Win32
		{E7DB68C2-B691-4217-B0B8-935682732740}.Debug|x64.ActiveCfg = Debug|x64
		{E7DB68C2-B691-4217-B0B8-935682732740}.Debug|x64.Build.0 = Debug|x64
		{E7DB68C2-B691-4217-B0B8-935682732740}.Debug|x86.ActiveCfg = Debug|Win32
		{E7DB68C2-B691-4217-B0B8-935682732740}.Debug|x86.Build.0 = Debug|Win32
		{E7DB68C2-B691-4217-B0B8-935682732740}.Release|x64.ActiveCfg = Release|x64
		{E7DB68C2-B691-4217-B0B8-935682732740}.Release|x64.Build.0 = Release|x64
		{E7DB68C2-B691-4217-B0B8-935682732740}.Release|x86.ActiveCfg = Release|Win32
		{E7DB68C2-B691-4217-B0B8-935682732740}.Release|x86.Build.0 = Release|Win32
		{D9E0E9D5-CB71-433E-A471-3593C5494154}.Debug|x64.ActiveCfg = Debug|x64
		{D9E0E9D5-CB71-433E-A471-3593C5494154}.Debug|x64.Build.0 = Debug|x64
		{D9E0E9D5-CB71-433E-A471-3593C5494154}.Debug|x86.ActiveCfg = Debug|Win32
		{D9E0E9D5-CB71-433E-A471-3593C5494154}.Debug|x86.Build.0 = Debug|Win32
		{D9E0E9D5-CB71-433E-A471-3593C5494154}.Release|x64.ActiveCfg = Release|x64
		{D9E0E9D5-CB71-433E-A471-3593C5494154}.Release|x64.Build.0 = Release|x64
		{D9E0E9D5-CB71-433E-A471-3593C5494154}.Release|x86.ActiveCfg = Release|Win32
		{D9E0E9D5-CB71-433E-A471-3593C5494154}.Release|x86.Build.0 = Release|Win32
		{37677A79-3D40-47F5-A2BA-8D0434970B14}.Debug|x64.ActiveCfg = Debug|x64
		{37677A79-3D40-47F5-A2BA-8D0434970B14}.Debug|x64.Build.0 = Debug|x64
		{37677A79-3D40-47F5-A2BA-8D0434970B14}.Debug|x86.ActiveCfg = Debug|Win32
		{37677A79-3D40-47F5-A2BA-8D0434970B14}.Debug|x86.Build.0 = Debug|Win32
		{37677A79-3D40-47F5-A2BA-8D0434970B14}.Release|x64.ActiveCfg = Release|x64
		{37677A79-3D40-47F5-A2BA-8D0434970B14}.Release|x64.Build.0 = Release|x64
		{37677A79-3D40-47F5-A2BA-8D0434970B14}.Release|x86.ActiveCfg = Release|Win32
		{37677A79-3D40-47F5-A2BA-8D0434970B14}.Release|x86.Build.0 = Release|Win32
		{87FD8570-0A7B-4A0D-92FF-24F6604D3878}.Debug|x64.ActiveCfg = Debug|x64
		{87FD8570-0A7B-4A0D-92FF-24F6604D3878}.Debug|x64.Build.0 = Debug|x64
		{87FD8570-0A7B-4A0D-92FF-24F6604D3878}.Debug|x86.ActiveCfg = Debug|Win32
		{87FD8570-0A7B-4A0D-92FF-24F6604D3878}.Debug|x86.Build.0 = Debug|Win32
		{87FD8570-0A7B-4A0D-92FF-24F6604D3878}.Release|x64.ActiveCfg = Release|x64
		{87FD8570-0A7B-4A0D-92FF-24F6604D3878}.Release|x64.Build.0 = Release|x64
		{87FD8570-0A7B-4A0D-92FF-24F6604D3878}.Release|x86.ActiveCfg = Release|Win32
		{87FD8570-0A7B-4A0D-92FF-24F6604D3878}.Release|x86.Build.0 = Release|Win32
		{56852670-1165-4418-B7A6-0C6255263655}.Debug|x64.ActiveCfg = Debug|x64
		{56852670-1165-4418-B7A6-0C6255263655}.Debug|x64.Build.0 = Debug|x64
		{56852670-1165-4418-B7A6-0C6255263655}.Debug|x86.ActiveCfg = Debug|Win32
		{56852670-1165-4418-B7A6-0C6255263655}.Debug|x86.Build.0 = Debug|Win32
		{56852670-1165-4418-B7A6-0C6255263655}.Release|x64.ActiveCfg = Release|x64
		{56852670-1165-4418-B7A6-0C6255263655}.Release|x64.Build.0 = Release|x64
		{56852670-1165-4418-B7A6-0C6255263655}.Release|x86.ActiveCfg = Release|Win32
		{56852670-1165-4418-B7A6-0C6255263655}.Release|x86.Build.0 = Release|Win32
	EndGlobalSection
	GlobalSection(SolutionProperties) = preSolution
		HideSolutionNode = FALSE
	EndGlobalSection
	GlobalSection(ExtensibilityGlobals) = postSolution
		SolutionGuid = {2A6E545D-6C0E-4B50-8187-28A585ED1C1F}
	EndGlobalSection
EndGlobal
